
Microsoft Visual Studio Solution File, Format Version 11.00
# Visual Studio 2010
Project("{8BC9CEB8-8B4A-11D0-8D11-00A0C91BC942}") = "Ex4_4", "Ex4_4\Ex4_4.vcxproj", "{C35B7CB5-91CA-45E2-8E19-7A497254B728}"
EndProject
Global
	GlobalSection(SolutionConfigurationPlatforms) = preSolution
		Debug|Win32 = Debug|Win32
		Release|Win32 = Release|Win32
	EndGlobalSection
	GlobalSection(ProjectConfigurationPlatforms) = postSolution
		{C35B7CB5-91CA-45E2-8E19-7A497254B728}.Debug|Win32.ActiveCfg = Debug|Win32
		{C35B7CB5-91CA-45E2-8E19-7A497254B728}.Debug|Win32.Build.0 = Debug|Win32
		{C35B7CB5-91CA-45E2-8E19-7A497254B728}.Release|Win32.ActiveCfg = Release|Win32
		{C35B7CB5-91CA-45E2-8E19-7A497254B728}.Release|Win32.Build.0 = Release|Win32
	EndGlobalSection
	GlobalSection(SolutionProperties) = preSolution
		HideSolutionNode = FALSE
	EndGlobalSection
EndGlobal
