
Microsoft Visual Studio Solution File, Format Version 11.00
# Visual Studio 2010
Project("{8BC9CEB8-8B4A-11D0-8D11-00A0C91BC942}") = "Week3", "Week3\Week3.vcxproj", "{E98B42F6-A29C-462E-B212-090B9756136F}"
EndProject
Global
	GlobalSection(SolutionConfigurationPlatforms) = preSolution
		Debug|Win32 = Debug|Win32
		Release|Win32 = Release|Win32
	EndGlobalSection
	GlobalSection(ProjectConfigurationPlatforms) = postSolution
		{E98B42F6-A29C-462E-B212-090B9756136F}.Debug|Win32.ActiveCfg = Debug|Win32
		{E98B42F6-A29C-462E-B212-090B9756136F}.Debug|Win32.Build.0 = Debug|Win32
		{E98B42F6-A29C-462E-B212-090B9756136F}.Release|Win32.ActiveCfg = Release|Win32
		{E98B42F6-A29C-462E-B212-090B9756136F}.Release|Win32.Build.0 = Release|Win32
	EndGlobalSection
	GlobalSection(SolutionProperties) = preSolution
		HideSolutionNode = FALSE
	EndGlobalSection
EndGlobal
