
Microsoft Visual Studio Solution File, Format Version 11.00
# Visual Studio 2010
Project("{8BC9CEB8-8B4A-11D0-8D11-00A0C91BC942}") = "are you young Program", "are you young Program\are you young Program.vcxproj", "{91E7C63F-DA92-4B2D-B9F7-6FBAB6F2A177}"
EndProject
Global
	GlobalSection(SolutionConfigurationPlatforms) = preSolution
		Debug|Win32 = Debug|Win32
		Release|Win32 = Release|Win32
	EndGlobalSection
	GlobalSection(ProjectConfigurationPlatforms) = postSolution
		{91E7C63F-DA92-4B2D-B9F7-6FBAB6F2A177}.Debug|Win32.ActiveCfg = Debug|Win32
		{91E7C63F-DA92-4B2D-B9F7-6FBAB6F2A177}.Debug|Win32.Build.0 = Debug|Win32
		{91E7C63F-DA92-4B2D-B9F7-6FBAB6F2A177}.Release|Win32.ActiveCfg = Release|Win32
		{91E7C63F-DA92-4B2D-B9F7-6FBAB6F2A177}.Release|Win32.Build.0 = Release|Win32
	EndGlobalSection
	GlobalSection(SolutionProperties) = preSolution
		HideSolutionNode = FALSE
	EndGlobalSection
EndGlobal
